
Microsoft Visual Studio Solution File, Format Version 12.00
# Visual Studio Version 17
VisualStudioVersion = 17.0.31903.59
MinimumVisualStudioVersion = 10.0.40219.1
Project("{2150E333-8FDC-42A3-9474-1A3956D46DE8}") = "FrontEnd", "FrontEnd", "{8A765BE6-8604-4253-B2B8-249BD4A681A4}"
EndProject
Project("{2150E333-8FDC-42A3-9474-1A3956D46DE8}") = "Services", "Services", "{621AD486-68C7-4251-8492-47E5377F053C}"
EndProject
Project("{9A19103F-16F7-4668-BE54-9A1E7A4F7556}") = "Shopp.Web", "Shopp.Web\Shopp.Web.csproj", "{413A4346-36CE-4C20-B695-196900D878E9}"
EndProject
Project("{9A19103F-16F7-4668-BE54-9A1E7A4F7556}") = "Shopp.ProductAPI", "Shopp.ProductAPI\Shopp.ProductAPI.csproj", "{C5EB95AE-654E-4C1F-8A8E-91B4FD6D4C52}"
EndProject
Project("{9A19103F-16F7-4668-BE54-9A1E7A4F7556}") = "Shopp.IdentityServer", "Shopp.IdentityServer\Shopp.IdentityServer.csproj", "{1E2A7D04-87AE-4656-B996-C40B18148730}"
EndProject
Project("{9A19103F-16F7-4668-BE54-9A1E7A4F7556}") = "Shopp.CarAPI", "Shopp.CarAPI\Shopp.CarAPI.csproj", "{7E91186B-61CF-455E-B90E-DC02162B209A}"
EndProject
Project("{9A19103F-16F7-4668-BE54-9A1E7A4F7556}") = "Shopp.CouponAPI", "Shopp.CouponAPI\Shopp.CouponAPI.csproj", "{DF705363-A6ED-491F-BD47-BB9F01A7439F}"
EndProject
Project("{2150E333-8FDC-42A3-9474-1A3956D46DE8}") = "Integration", "Integration", "{AD7ED6D2-0A4E-4825-87C6-FFE6E50D50F3}"
EndProject
Project("{9A19103F-16F7-4668-BE54-9A1E7A4F7556}") = "Shoop.MessageBus", "Shoop.MessageBus\Shoop.MessageBus.csproj", "{595D7E89-8902-489C-AB1B-BB42CA2C9250}"
EndProject
Project("{9A19103F-16F7-4668-BE54-9A1E7A4F7556}") = "Shopp.OrderAPI", "Shopp.OrderAPI\Shopp.OrderAPI.csproj", "{A33D52C1-3CF9-4813-85A9-D2B6595B4809}"
EndProject
Project("{2150E333-8FDC-42A3-9474-1A3956D46DE8}") = "Payments", "Payments", "{1A524141-19B7-4FC1-9B5F-6C703B7E5BF7}"
EndProject
Project("{9A19103F-16F7-4668-BE54-9A1E7A4F7556}") = "Shopp.PaymentProcessor", "Shopp.PaymentProcessor\Shopp.PaymentProcessor.csproj", "{2925985F-9FFD-4197-B921-8D3436D4FF21}"
EndProject
Project("{9A19103F-16F7-4668-BE54-9A1E7A4F7556}") = "Shopp.PaymentAPI", "Shopp.PaymentAPI\Shopp.PaymentAPI.csproj", "{CF5FF7B4-3F15-4EC9-9665-75C24AC13C52}"
EndProject
Project("{FAE04EC0-301F-11D3-BF4B-00C04F79EFBC}") = "Shopp.Email", "Shopp.Email\Shopp.Email.csproj", "{CC242550-B135-4B64-BA64-B7672E2D8A1D}"
EndProject
Project("{2150E333-8FDC-42A3-9474-1A3956D46DE8}") = "Gateway", "Gateway", "{1C493048-3288-4C1D-B4B7-9B8A07CA059E}"
EndProject
Project("{FAE04EC0-301F-11D3-BF4B-00C04F79EFBC}") = "Shopp.APIGateway", "Shoop.APIGateway\Shopp.APIGateway.csproj", "{184D26F0-92EE-430C-AD9D-B29ED60A87E2}"
EndProject
Project("{2150E333-8FDC-42A3-9474-1A3956D46DE8}") = "Solution Items", "Solution Items", "{DBA1D2D2-F535-4185-9506-181981983C77}"
	ProjectSection(SolutionItems) = preProject
		.travis.yml = .travis.yml
	EndProjectSection
EndProject
Global
	GlobalSection(SolutionConfigurationPlatforms) = preSolution
		Debug|Any CPU = Debug|Any CPU
		Release|Any CPU = Release|Any CPU
	EndGlobalSection
	GlobalSection(ProjectConfigurationPlatforms) = postSolution
		{413A4346-36CE-4C20-B695-196900D878E9}.Debug|Any CPU.ActiveCfg = Debug|Any CPU
		{413A4346-36CE-4C20-B695-196900D878E9}.Debug|Any CPU.Build.0 = Debug|Any CPU
		{413A4346-36CE-4C20-B695-196900D878E9}.Release|Any CPU.ActiveCfg = Release|Any CPU
		{413A4346-36CE-4C20-B695-196900D878E9}.Release|Any CPU.Build.0 = Release|Any CPU
		{C5EB95AE-654E-4C1F-8A8E-91B4FD6D4C52}.Debug|Any CPU.ActiveCfg = Debug|Any CPU
		{C5EB95AE-654E-4C1F-8A8E-91B4FD6D4C52}.Debug|Any CPU.Build.0 = Debug|Any CPU
		{C5EB95AE-654E-4C1F-8A8E-91B4FD6D4C52}.Release|Any CPU.ActiveCfg = Release|Any CPU
		{C5EB95AE-654E-4C1F-8A8E-91B4FD6D4C52}.Release|Any CPU.Build.0 = Release|Any CPU
		{1E2A7D04-87AE-4656-B996-C40B18148730}.Debug|Any CPU.ActiveCfg = Debug|Any CPU
		{1E2A7D04-87AE-4656-B996-C40B18148730}.Debug|Any CPU.Build.0 = Debug|Any CPU
		{1E2A7D04-87AE-4656-B996-C40B18148730}.Release|Any CPU.ActiveCfg = Release|Any CPU
		{1E2A7D04-87AE-4656-B996-C40B18148730}.Release|Any CPU.Build.0 = Release|Any CPU
		{7E91186B-61CF-455E-B90E-DC02162B209A}.Debug|Any CPU.ActiveCfg = Debug|Any CPU
		{7E91186B-61CF-455E-B90E-DC02162B209A}.Debug|Any CPU.Build.0 = Debug|Any CPU
		{7E91186B-61CF-455E-B90E-DC02162B209A}.Release|Any CPU.ActiveCfg = Release|Any CPU
		{7E91186B-61CF-455E-B90E-DC02162B209A}.Release|Any CPU.Build.0 = Release|Any CPU
		{DF705363-A6ED-491F-BD47-BB9F01A7439F}.Debug|Any CPU.ActiveCfg = Debug|Any CPU
		{DF705363-A6ED-491F-BD47-BB9F01A7439F}.Debug|Any CPU.Build.0 = Debug|Any CPU
		{DF705363-A6ED-491F-BD47-BB9F01A7439F}.Release|Any CPU.ActiveCfg = Release|Any CPU
		{DF705363-A6ED-491F-BD47-BB9F01A7439F}.Release|Any CPU.Build.0 = Release|Any CPU
		{595D7E89-8902-489C-AB1B-BB42CA2C9250}.Debug|Any CPU.ActiveCfg = Debug|Any CPU
		{595D7E89-8902-489C-AB1B-BB42CA2C9250}.Debug|Any CPU.Build.0 = Debug|Any CPU
		{595D7E89-8902-489C-AB1B-BB42CA2C9250}.Release|Any CPU.ActiveCfg = Release|Any CPU
		{595D7E89-8902-489C-AB1B-BB42CA2C9250}.Release|Any CPU.Build.0 = Release|Any CPU
		{A33D52C1-3CF9-4813-85A9-D2B6595B4809}.Debug|Any CPU.ActiveCfg = Debug|Any CPU
		{A33D52C1-3CF9-4813-85A9-D2B6595B4809}.Debug|Any CPU.Build.0 = Debug|Any CPU
		{A33D52C1-3CF9-4813-85A9-D2B6595B4809}.Release|Any CPU.ActiveCfg = Release|Any CPU
		{A33D52C1-3CF9-4813-85A9-D2B6595B4809}.Release|Any CPU.Build.0 = Release|Any CPU
		{2925985F-9FFD-4197-B921-8D3436D4FF21}.Debug|Any CPU.ActiveCfg = Debug|Any CPU
		{2925985F-9FFD-4197-B921-8D3436D4FF21}.Debug|Any CPU.Build.0 = Debug|Any CPU
		{2925985F-9FFD-4197-B921-8D3436D4FF21}.Release|Any CPU.ActiveCfg = Release|Any CPU
		{2925985F-9FFD-4197-B921-8D3436D4FF21}.Release|Any CPU.Build.0 = Release|Any CPU
		{CF5FF7B4-3F15-4EC9-9665-75C24AC13C52}.Debug|Any CPU.ActiveCfg = Debug|Any CPU
		{CF5FF7B4-3F15-4EC9-9665-75C24AC13C52}.Debug|Any CPU.Build.0 = Debug|Any CPU
		{CF5FF7B4-3F15-4EC9-9665-75C24AC13C52}.Release|Any CPU.ActiveCfg = Release|Any CPU
		{CF5FF7B4-3F15-4EC9-9665-75C24AC13C52}.Release|Any CPU.Build.0 = Release|Any CPU
		{CC242550-B135-4B64-BA64-B7672E2D8A1D}.Debug|Any CPU.ActiveCfg = Debug|Any CPU
		{CC242550-B135-4B64-BA64-B7672E2D8A1D}.Debug|Any CPU.Build.0 = Debug|Any CPU
		{CC242550-B135-4B64-BA64-B7672E2D8A1D}.Release|Any CPU.ActiveCfg = Release|Any CPU
		{CC242550-B135-4B64-BA64-B7672E2D8A1D}.Release|Any CPU.Build.0 = Release|Any CPU
		{184D26F0-92EE-430C-AD9D-B29ED60A87E2}.Debug|Any CPU.ActiveCfg = Debug|Any CPU
		{184D26F0-92EE-430C-AD9D-B29ED60A87E2}.Debug|Any CPU.Build.0 = Debug|Any CPU
		{184D26F0-92EE-430C-AD9D-B29ED60A87E2}.Release|Any CPU.ActiveCfg = Release|Any CPU
		{184D26F0-92EE-430C-AD9D-B29ED60A87E2}.Release|Any CPU.Build.0 = Release|Any CPU
	EndGlobalSection
	GlobalSection(SolutionProperties) = preSolution
		HideSolutionNode = FALSE
	EndGlobalSection
	GlobalSection(NestedProjects) = preSolution
		{413A4346-36CE-4C20-B695-196900D878E9} = {8A765BE6-8604-4253-B2B8-249BD4A681A4}
		{C5EB95AE-654E-4C1F-8A8E-91B4FD6D4C52} = {621AD486-68C7-4251-8492-47E5377F053C}
		{1E2A7D04-87AE-4656-B996-C40B18148730} = {621AD486-68C7-4251-8492-47E5377F053C}
		{7E91186B-61CF-455E-B90E-DC02162B209A} = {621AD486-68C7-4251-8492-47E5377F053C}
		{DF705363-A6ED-491F-BD47-BB9F01A7439F} = {621AD486-68C7-4251-8492-47E5377F053C}
		{595D7E89-8902-489C-AB1B-BB42CA2C9250} = {AD7ED6D2-0A4E-4825-87C6-FFE6E50D50F3}
		{A33D52C1-3CF9-4813-85A9-D2B6595B4809} = {621AD486-68C7-4251-8492-47E5377F053C}
		{2925985F-9FFD-4197-B921-8D3436D4FF21} = {1A524141-19B7-4FC1-9B5F-6C703B7E5BF7}
		{CF5FF7B4-3F15-4EC9-9665-75C24AC13C52} = {621AD486-68C7-4251-8492-47E5377F053C}
		{CC242550-B135-4B64-BA64-B7672E2D8A1D} = {621AD486-68C7-4251-8492-47E5377F053C}
		{184D26F0-92EE-430C-AD9D-B29ED60A87E2} = {1C493048-3288-4C1D-B4B7-9B8A07CA059E}
	EndGlobalSection
	GlobalSection(ExtensibilityGlobals) = postSolution
		SolutionGuid = {7D557FC1-B2A8-4C82-9BF3-0F1EF6375979}
	EndGlobalSection
EndGlobal
